// !$*UTF8*$!
{
	archiveVersion = 1;
	classes = {
	};
	objectVersion = 50;
	objects = {

/* Begin PBXBuildFile section */
		DC7C381423BBF08C0026C2A1 /* AppDelegate.swift in Sources */ = {isa = PBXBuildFile; fileRef = DC7C381323BBF08C0026C2A1 /* AppDelegate.swift */; };
		DC7C381623BBF08C0026C2A1 /* SceneDelegate.swift in Sources */ = {isa = PBXBuildFile; fileRef = DC7C381523BBF08C0026C2A1 /* SceneDelegate.swift */; };
		DC7C381823BBF08C0026C2A1 /* ViewController.swift in Sources */ = {isa = PBXBuildFile; fileRef = DC7C381723BBF08C0026C2A1 /* ViewController.swift */; };
		DC7C381B23BBF08C0026C2A1 /* Main.storyboard in Resources */ = {isa = PBXBuildFile; fileRef = DC7C381923BBF08C0026C2A1 /* Main.storyboard */; };
		DC7C381D23BBF08E0026C2A1 /* Assets.xcassets in Resources */ = {isa = PBXBuildFile; fileRef = DC7C381C23BBF08E0026C2A1 /* Assets.xcassets */; };
		DC7C382023BBF08E0026C2A1 /* LaunchScreen.storyboard in Resources */ = {isa = PBXBuildFile; fileRef = DC7C381E23BBF08E0026C2A1 /* LaunchScreen.storyboard */; };
		DC7C382B23BBF08F0026C2A1 /* SwiftUnitTestTests.swift in Sources */ = {isa = PBXBuildFile; fileRef = DC7C382A23BBF08F0026C2A1 /* SwiftUnitTestTests.swift */; };
		DC7C383623BBF9110026C2A1 /* Student.swift in Sources */ = {isa = PBXBuildFile; fileRef = DC7C383523BBF9110026C2A1 /* Student.swift */; };
		DC7C383823BBFE0C0026C2A1 /* StudentTest.swift in Sources */ = {isa = PBXBuildFile; fileRef = DC7C383723BBFE0C0026C2A1 /* StudentTest.swift */; };
/* End PBXBuildFile section */

/* Begin PBXContainerItemProxy section */
		DC7C382723BBF08F0026C2A1 /* PBXContainerItemProxy */ = {
			isa = PBXContainerItemProxy;
			containerPortal = DC7C380823BBF08C0026C2A1 /* Project object */;
			proxyType = 1;
			remoteGlobalIDString = DC7C380F23BBF08C0026C2A1;
			remoteInfo = SwiftUnitTest;
		};
/* End PBXContainerItemProxy section */

/* Begin PBXFileReference section */
		DC7C381023BBF08C0026C2A1 /* SwiftUnitTest.app */ = {isa = PBXFileReference; explicitFileType = wrapper.application; includeInIndex = 0; path = SwiftUnitTest.app; sourceTree = BUILT_PRODUCTS_DIR; };
		DC7C381323BBF08C0026C2A1 /* AppDelegate.swift */ = {isa = PBXFileReference; lastKnownFileType = sourcecode.swift; path = AppDelegate.swift; sourceTree = "<group>"; };
		DC7C381523BBF08C0026C2A1 /* SceneDelegate.swift */ = {isa = PBXFileReference; lastKnownFileType = sourcecode.swift; path = SceneDelegate.swift; sourceTree = "<group>"; };
		DC7C381723BBF08C0026C2A1 /* ViewController.swift */ = {isa = PBXFileReference; lastKnownFileType = sourcecode.swift; path = ViewController.swift; sourceTree = "<group>"; };
		DC7C381A23BBF08C0026C2A1 /* Base */ = {isa = PBXFileReference; lastKnownFileType = file.storyboard; name = Base; path = Base.lproj/Main.storyboard; sourceTree = "<group>"; };
		DC7C381C23BBF08E0026C2A1 /* Assets.xcassets */ = {isa = PBXFileReference; lastKnownFileType = folder.assetcatalog; path = Assets.xcassets; sourceTree = "<group>"; };
		DC7C381F23BBF08E0026C2A1 /* Base */ = {isa = PBXFileReference; lastKnownFileType = file.storyboard; name = Base; path = Base.lproj/LaunchScreen.storyboard; sourceTree = "<group>"; };
		DC7C382123BBF08F0026C2A1 /* Info.plist */ = {isa = PBXFileReference; lastKnownFileType = text.plist.xml; path = Info.plist; sourceTree = "<group>"; };
		DC7C382623BBF08F0026C2A1 /* SwiftUnitTestTests.xctest */ = {isa = PBXFileReference; explicitFileType = wrapper.cfbundle; includeInIndex = 0; path = SwiftUnitTestTests.xctest; sourceTree = BUILT_PRODUCTS_DIR; };
		DC7C382A23BBF08F0026C2A1 /* SwiftUnitTestTests.swift */ = {isa = PBXFileReference; lastKnownFileType = sourcecode.swift; path = SwiftUnitTestTests.swift; sourceTree = "<group>"; };
		DC7C382C23BBF08F0026C2A1 /* Info.plist */ = {isa = PBXFileReference; lastKnownFileType = text.plist.xml; path = Info.plist; sourceTree = "<group>"; };
		DC7C383523BBF9110026C2A1 /* Student.swift */ = {isa = PBXFileReference; lastKnownFileType = sourcecode.swift; path = Student.swift; sourceTree = "<group>"; };
		DC7C383723BBFE0C0026C2A1 /* StudentTest.swift */ = {isa = PBXFileReference; lastKnownFileType = sourcecode.swift; path = StudentTest.swift; sourceTree = "<group>"; };
/* End PBXFileReference section */

/* Begin PBXFrameworksBuildPhase section */
		DC7C380D23BBF08C0026C2A1 /* Frameworks */ = {
			isa = PBXFrameworksBuildPhase;
			buildActionMask = 2147483647;
			files = (
			);
			runOnlyForDeploymentPostprocessing = 0;
		};
		DC7C382323BBF08F0026C2A1 /* Frameworks */ = {
			isa = PBXFrameworksBuildPhase;
			buildActionMask = 2147483647;
			files = (
			);
			runOnlyForDeploymentPostprocessing = 0;
		};
/* End PBXFrameworksBuildPhase section */

/* Begin PBXGroup section */
		DC7C380723BBF08C0026C2A1 = {
			isa = PBXGroup;
			children = (
				DC7C381223BBF08C0026C2A1 /* SwiftUnitTest */,
				DC7C382923BBF08F0026C2A1 /* SwiftUnitTestTests */,
				DC7C381123BBF08C0026C2A1 /* Products */,
			);
			sourceTree = "<group>";
		};
		DC7C381123BBF08C0026C2A1 /* Products */ = {
			isa = PBXGroup;
			children = (
				DC7C381023BBF08C0026C2A1 /* SwiftUnitTest.app */,
				DC7C382623BBF08F0026C2A1 /* SwiftUnitTestTests.xctest */,
			);
			name = Products;
			sourceTree = "<group>";
		};
		DC7C381223BBF08C0026C2A1 /* SwiftUnitTest */ = {
			isa = PBXGroup;
			children = (
				DC7C381323BBF08C0026C2A1 /* AppDelegate.swift */,
				DC7C381523BBF08C0026C2A1 /* SceneDelegate.swift */,
				DC7C381723BBF08C0026C2A1 /* ViewController.swift */,
				DC7C381923BBF08C0026C2A1 /* Main.storyboard */,
				DC7C383523BBF9110026C2A1 /* Student.swift */,
				DC7C381C23BBF08E0026C2A1 /* Assets.xcassets */,
				DC7C381E23BBF08E0026C2A1 /* LaunchScreen.storyboard */,
				DC7C382123BBF08F0026C2A1 /* Info.plist */,
			);
			path = SwiftUnitTest;
			sourceTree = "<group>";
		};
		DC7C382923BBF08F0026C2A1 /* SwiftUnitTestTests */ = {
			isa = PBXGroup;
			children = (
				DC7C382A23BBF08F0026C2A1 /* SwiftUnitTestTests.swift */,
				DC7C382C23BBF08F0026C2A1 /* Info.plist */,
				DC7C383723BBFE0C0026C2A1 /* StudentTest.swift */,
			);
			path = SwiftUnitTestTests;
			sourceTree = "<group>";
		};
/* End PBXGroup section */

/* Begin PBXNativeTarget section */
		DC7C380F23BBF08C0026C2A1 /* SwiftUnitTest */ = {
			isa = PBXNativeTarget;
			buildConfigurationList = DC7C382F23BBF08F0026C2A1 /* Build configuration list for PBXNativeTarget "SwiftUnitTest" */;
			buildPhases = (
				DC7C380C23BBF08C0026C2A1 /* Sources */,
				DC7C380D23BBF08C0026C2A1 /* Frameworks */,
				DC7C380E23BBF08C0026C2A1 /* Resources */,
			);
			buildRules = (
			);
			dependencies = (
			);
			name = SwiftUnitTest;
			productName = SwiftUnitTest;
			productReference = DC7C381023BBF08C0026C2A1 /* SwiftUnitTest.app */;
			productType = "com.apple.product-type.application";
		};
		DC7C382523BBF08F0026C2A1 /* SwiftUnitTestTests */ = {
			isa = PBXNativeTarget;
			buildConfigurationList = DC7C383223BBF08F0026C2A1 /* Build configuration list for PBXNativeTarget "SwiftUnitTestTests" */;
			buildPhases = (
				DC7C382223BBF08F0026C2A1 /* Sources */,
				DC7C382323BBF08F0026C2A1 /* Frameworks */,
				DC7C382423BBF08F0026C2A1 /* Resources */,
			);
			buildRules = (
			);
			dependencies = (
				DC7C382823BBF08F0026C2A1 /* PBXTargetDependency */,
			);
			name = SwiftUnitTestTests;
			productName = SwiftUnitTestTests;
			productReference = DC7C382623BBF08F0026C2A1 /* SwiftUnitTestTests.xctest */;
			productType = "com.apple.product-type.bundle.unit-test";
		};
/* End PBXNativeTarget section */

/* Begin PBXProject section */
		DC7C380823BBF08C0026C2A1 /* Project object */ = {
			isa = PBXProject;
			attributes = {
				LastSwiftUpdateCheck = 1130;
				LastUpgradeCheck = 1130;
				ORGANIZATIONNAME = Applica;
				TargetAttributes = {
					DC7C380F23BBF08C0026C2A1 = {
						CreatedOnToolsVersion = 11.3;
					};
					DC7C382523BBF08F0026C2A1 = {
						CreatedOnToolsVersion = 11.3;
						TestTargetID = DC7C380F23BBF08C0026C2A1;
					};
				};
			};
			buildConfigurationList = DC7C380B23BBF08C0026C2A1 /* Build configuration list for PBXProject "SwiftUnitTest" */;
			compatibilityVersion = "Xcode 9.3";
			developmentRegion = en;
			hasScannedForEncodings = 0;
			knownRegions = (
				en,
				Base,
			);
			mainGroup = DC7C380723BBF08C0026C2A1;
			productRefGroup = DC7C381123BBF08C0026C2A1 /* Products */;
			projectDirPath = "";
			projectRoot = "";
			targets = (
				DC7C380F23BBF08C0026C2A1 /* SwiftUnitTest */,
				DC7C382523BBF08F0026C2A1 /* SwiftUnitTestTests */,
			);
		};
/* End PBXProject section */

/* Begin PBXResourcesBuildPhase section */
		DC7C380E23BBF08C0026C2A1 /* Resources */ = {
			isa = PBXResourcesBuildPhase;
			buildActionMask = 2147483647;
			files = (
				DC7C382023BBF08E0026C2A1 /* LaunchScreen.storyboard in Resources */,
				DC7C381D23BBF08E0026C2A1 /* Assets.xcassets in Resources */,
				DC7C381B23BBF08C0026C2A1 /* Main.storyboard in Resources */,
			);
			runOnlyForDeploymentPostprocessing = 0;
		};
		DC7C382423BBF08F0026C2A1 /* Resources */ = {
			isa = PBXResourcesBuildPhase;
			buildActionMask = 2147483647;
			files = (
			);
			runOnlyForDeploymentPostprocessing = 0;
		};
/* End PBXResourcesBuildPhase section */

/* Begin PBXSourcesBuildPhase section */
		DC7C380C23BBF08C0026C2A1 /* Sources */ = {
			isa = PBXSourcesBuildPhase;
			buildActionMask = 2147483647;
			files = (
				DC7C381823BBF08C0026C2A1 /* ViewController.swift in Sources */,
				DC7C381423BBF08C0026C2A1 /* AppDelegate.swift in Sources */,
				DC7C381623BBF08C0026C2A1 /* SceneDelegate.swift in Sources */,
				DC7C383623BBF9110026C2A1 /* Student.swift in Sources */,
			);
			runOnlyForDeploymentPostprocessing = 0;
		};
		DC7C382223BBF08F0026C2A1 /* Sources */ = {
			isa = PBXSourcesBuildPhase;
			buildActionMask = 2147483647;
			files = (
				DC7C382B23BBF08F0026C2A1 /* SwiftUnitTestTests.swift in Sources */,
				DC7C383823BBFE0C0026C2A1 /* StudentTest.swift in Sources */,
			);
			runOnlyForDeploymentPostprocessing = 0;
		};
/* End PBXSourcesBuildPhase section */

/* Begin PBXTargetDependency section */
		DC7C382823BBF08F0026C2A1 /* PBXTargetDependency */ = {
			isa = PBXTargetDependency;
			target = DC7C380F23BBF08C0026C2A1 /* SwiftUnitTest */;
			targetProxy = DC7C382723BBF08F0026C2A1 /* PBXContainerItemProxy */;
		};
/* End PBXTargetDependency section */

/* Begin PBXVariantGroup section */
		DC7C381923BBF08C0026C2A1 /* Main.storyboard */ = {
			isa = PBXVariantGroup;
			children = (
				DC7C381A23BBF08C0026C2A1 /* Base */,
			);
			name = Main.storyboard;
			sourceTree = "<group>";
		};
		DC7C381E23BBF08E0026C2A1 /* LaunchScreen.storyboard */ = {
			isa = PBXVariantGroup;
			children = (
				DC7C381F23BBF08E0026C2A1 /* Base */,
			);
			name = LaunchScreen.storyboard;
			sourceTree = "<group>";
		};
/* End PBXVariantGroup section */

/* Begin XCBuildConfiguration section */
		DC7C382D23BBF08F0026C2A1 /* Debug */ = {
			isa = XCBuildConfiguration;
			buildSettings = {
				ALWAYS_SEARCH_USER_PATHS = NO;
				CLANG_ANALYZER_NONNULL = YES;
				CLANG_ANALYZER_NUMBER_OBJECT_CONVERSION = YES_AGGRESSIVE;
				CLANG_CXX_LANGUAGE_STANDARD = "gnu++14";
				CLANG_CXX_LIBRARY = "libc++";
				CLANG_ENABLE_MODULES = YES;
				CLANG_ENABLE_OBJC_ARC = YES;
				CLANG_ENABLE_OBJC_WEAK = YES;
				CLANG_WARN_BLOCK_CAPTURE_AUTORELEASING = YES;
				CLANG_WARN_BOOL_CONVERSION = YES;
				CLANG_WARN_COMMA = YES;
				CLANG_WARN_CONSTANT_CONVERSION = YES;
				CLANG_WARN_DEPRECATED_OBJC_IMPLEMENTATIONS = YES;
				CLANG_WARN_DIRECT_OBJC_ISA_USAGE = YES_ERROR;
				CLANG_WARN_DOCUMENTATION_COMMENTS = YES;
				CLANG_WARN_EMPTY_BODY = YES;
				CLANG_WARN_ENUM_CONVERSION = YES;
				CLANG_WARN_INFINITE_RECURSION = YES;
				CLANG_WARN_INT_CONVERSION = YES;
				CLANG_WARN_NON_LITERAL_NULL_CONVERSION = YES;
				CLANG_WARN_OBJC_IMPLICIT_RETAIN_SELF = YES;
				CLANG_WARN_OBJC_LITERAL_CONVERSION = YES;
				CLANG_WARN_OBJC_ROOT_CLASS = YES_ERROR;
				CLANG_WARN_RANGE_LOOP_ANALYSIS = YES;
				CLANG_WARN_STRICT_PROTOTYPES = YES;
				CLANG_WARN_SUSPICIOUS_MOVE = YES;
				CLANG_WARN_UNGUARDED_AVAILABILITY = YES_AGGRESSIVE;
				CLANG_WARN_UNREACHABLE_CODE = YES;
				CLANG_WARN__DUPLICATE_METHOD_MATCH = YES;
				COPY_PHASE_STRIP = NO;
				DEBUG_INFORMATION_FORMAT = dwarf;
				ENABLE_STRICT_OBJC_MSGSEND = YES;
				ENABLE_TESTABILITY = YES;
				GCC_C_LANGUAGE_STANDARD = gnu11;
				GCC_DYNAMIC_NO_PIC = NO;
				GCC_NO_COMMON_BLOCKS = YES;
				GCC_OPTIMIZATION_LEVEL = 0;
				GCC_PREPROCESSOR_DEFINITIONS = (
					"DEBUG=1",
					"$(inherited)",
				);
				GCC_WARN_64_TO_32_BIT_CONVERSION = YES;
				GCC_WARN_ABOUT_RETURN_TYPE = YES_ERROR;
				GCC_WARN_UNDECLARED_SELECTOR = YES;
				GCC_WARN_UNINITIALIZED_AUTOS = YES_AGGRESSIVE;
				GCC_WARN_UNUSED_FUNCTION = YES;
				GCC_WARN_UNUSED_VARIABLE = YES;
				IPHONEOS_DEPLOYMENT_TARGET = 13.2;
				MTL_ENABLE_DEBUG_INFO = INCLUDE_SOURCE;
				MTL_FAST_MATH = YES;
				ONLY_ACTIVE_ARCH = YES;
				SDKROOT = iphoneos;
				SWIFT_ACTIVE_COMPILATION_CONDITIONS = DEBUG;
				SWIFT_OPTIMIZATION_LEVEL = "-Onone";
			};
			name = Debug;
		};
		DC7C382E23BBF08F0026C2A1 /* Release */ = {
			isa = XCBuildConfiguration;
			buildSettings = {
				ALWAYS_SEARCH_USER_PATHS = NO;
				CLANG_ANALYZER_NONNULL = YES;
				CLANG_ANALYZER_NUMBER_OBJECT_CONVERSION = YES_AGGRESSIVE;
				CLANG_CXX_LANGUAGE_STANDARD = "gnu++14";
				CLANG_CXX_LIBRARY = "libc++";
				CLANG_ENABLE_MODULES = YES;
				CLANG_ENABLE_OBJC_ARC = YES;
				CLANG_ENABLE_OBJC_WEAK = YES;
				CLANG_WARN_BLOCK_CAPTURE_AUTORELEASING = YES;
				CLANG_WARN_BOOL_CONVERSION = YES;
				CLANG_WARN_COMMA = YES;
				CLANG_WARN_CONSTANT_CONVERSION = YES;
				CLANG_WARN_DEPRECATED_OBJC_IMPLEMENTATIONS = YES;
				CLANG_WARN_DIRECT_OBJC_ISA_USAGE = YES_ERROR;
				CLANG_WARN_DOCUMENTATION_COMMENTS = YES;
				CLANG_WARN_EMPTY_BODY = YES;
				CLANG_WARN_ENUM_CONVERSION = YES;
				CLANG_WARN_INFINITE_RECURSION = YES;
				CLANG_WARN_INT_CONVERSION = YES;
				CLANG_WARN_NON_LITERAL_NULL_CONVERSION = YES;
				CLANG_WARN_OBJC_IMPLICIT_RETAIN_SELF = YES;
				CLANG_WARN_OBJC_LITERAL_CONVERSION = YES;
				CLANG_WARN_OBJC_ROOT_CLASS = YES_ERROR;
				CLANG_WARN_RANGE_LOOP_ANALYSIS = YES;
				CLANG_WARN_STRICT_PROTOTYPES = YES;
				CLANG_WARN_SUSPICIOUS_MOVE = YES;
				CLANG_WARN_UNGUARDED_AVAILABILITY = YES_AGGRESSIVE;
				CLANG_WARN_UNREACHABLE_CODE = YES;
				CLANG_WARN__DUPLICATE_METHOD_MATCH = YES;
				COPY_PHASE_STRIP = NO;
				DEBUG_INFORMATION_FORMAT = "dwarf-with-dsym";
				ENABLE_NS_ASSERTIONS = NO;
				ENABLE_STRICT_OBJC_MSGSEND = YES;
				GCC_C_LANGUAGE_STANDARD = gnu11;
				GCC_NO_COMMON_BLOCKS = YES;
				GCC_WARN_64_TO_32_BIT_CONVERSION = YES;
				GCC_WARN_ABOUT_RETURN_TYPE = YES_ERROR;
				GCC_WARN_UNDECLARED_SELECTOR = YES;
				GCC_WARN_UNINITIALIZED_AUTOS = YES_AGGRESSIVE;
				GCC_WARN_UNUSED_FUNCTION = YES;
				GCC_WARN_UNUSED_VARIABLE = YES;
				IPHONEOS_DEPLOYMENT_TARGET = 13.2;
				MTL_ENABLE_DEBUG_INFO = NO;
				MTL_FAST_MATH = YES;
				SDKROOT = iphoneos;
				SWIFT_COMPILATION_MODE = wholemodule;
				SWIFT_OPTIMIZATION_LEVEL = "-O";
				VALIDATE_PRODUCT = YES;
			};
			name = Release;
		};
		DC7C383023BBF08F0026C2A1 /* Debug */ = {
			isa = XCBuildConfiguration;
			buildSettings = {
				ASSETCATALOG_COMPILER_APPICON_NAME = AppIcon;
				CODE_SIGN_STYLE = Automatic;
				DEVELOPMENT_TEAM = 9DGA8QBS2D;
				INFOPLIST_FILE = SwiftUnitTest/Info.plist;
				LD_RUNPATH_SEARCH_PATHS = (
					"$(inherited)",
					"@executable_path/Frameworks",
				);
				PRODUCT_BUNDLE_IDENTIFIER = com.applica.SwiftUnitTest;
				PRODUCT_NAME = "$(TARGET_NAME)";
				SWIFT_VERSION = 5.0;
				TARGETED_DEVICE_FAMILY = "1,2";
			};
			name = Debug;
		};
		DC7C383123BBF08F0026C2A1 /* Release */ = {
			isa = XCBuildConfiguration;
			buildSettings = {
				ASSETCATALOG_COMPILER_APPICON_NAME = AppIcon;
				CODE_SIGN_STYLE = Automatic;
				DEVELOPMENT_TEAM = 9DGA8QBS2D;
				INFOPLIST_FILE = SwiftUnitTest/Info.plist;
				LD_RUNPATH_SEARCH_PATHS = (
					"$(inherited)",
					"@executable_path/Frameworks",
				);
				PRODUCT_BUNDLE_IDENTIFIER = com.applica.SwiftUnitTest;
				PRODUCT_NAME = "$(TARGET_NAME)";
				SWIFT_VERSION = 5.0;
				TARGETED_DEVICE_FAMILY = "1,2";
			};
			name = Release;
		};
		DC7C383323BBF08F0026C2A1 /* Debug */ = {
			isa = XCBuildConfiguration;
			buildSettings = {
				ALWAYS_EMBED_SWIFT_STANDARD_LIBRARIES = YES;
				BUNDLE_LOADER = "$(TEST_HOST)";
				CODE_SIGN_STYLE = Automatic;
				DEVELOPMENT_TEAM = 9DGA8QBS2D;
				INFOPLIST_FILE = SwiftUnitTestTests/Info.plist;
				IPHONEOS_DEPLOYMENT_TARGET = 13.2;
				LD_RUNPATH_SEARCH_PATHS = (
					"$(inherited)",
					"@executable_path/Frameworks",
					"@loader_path/Frameworks",
				);
				PRODUCT_BUNDLE_IDENTIFIER = com.applica.SwiftUnitTestTests;
				PRODUCT_NAME = "$(TARGET_NAME)";
				SWIFT_VERSION = 5.0;
				TARGETED_DEVICE_FAMILY = "1,2";
				TEST_HOST = "$(BUILT_PRODUCTS_DIR)/SwiftUnitTest.app/SwiftUnitTest";
			};
			name = Debug;
		};
		DC7C383423BBF08F0026C2A1 /* Release */ = {
			isa = XCBuildConfiguration;
			buildSettings = {
				ALWAYS_EMBED_SWIFT_STANDARD_LIBRARIES = YES;
				BUNDLE_LOADER = "$(TEST_HOST)";
				CODE_SIGN_STYLE = Automatic;
				DEVELOPMENT_TEAM = 9DGA8QBS2D;
				INFOPLIST_FILE = SwiftUnitTestTests/Info.plist;
				IPHONEOS_DEPLOYMENT_TARGET = 13.2;
				LD_RUNPATH_SEARCH_PATHS = (
					"$(inherited)",
					"@executable_path/Frameworks",
					"@loader_path/Frameworks",
				);
				PRODUCT_BUNDLE_IDENTIFIER = com.applica.SwiftUnitTestTests;
				PRODUCT_NAME = "$(TARGET_NAME)";
				SWIFT_VERSION = 5.0;
				TARGETED_DEVICE_FAMILY = "1,2";
				TEST_HOST = "$(BUILT_PRODUCTS_DIR)/SwiftUnitTest.app/SwiftUnitTest";
			};
			name = Release;
		};
/* End XCBuildConfiguration section */

/* Begin XCConfigurationList section */
		DC7C380B23BBF08C0026C2A1 /* Build configuration list for PBXProject "SwiftUnitTest" */ = {
			isa = XCConfigurationList;
			buildConfigurations = (
				DC7C382D23BBF08F0026C2A1 /* Debug */,
				DC7C382E23BBF08F0026C2A1 /* Release */,
			);
			defaultConfigurationIsVisible = 0;
			defaultConfigurationName = Release;
		};
		DC7C382F23BBF08F0026C2A1 /* Build configuration list for PBXNativeTarget "SwiftUnitTest" */ = {
			isa = XCConfigurationList;
			buildConfigurations = (
				DC7C383023BBF08F0026C2A1 /* Debug */,
				DC7C383123BBF08F0026C2A1 /* Release */,
			);
			defaultConfigurationIsVisible = 0;
			defaultConfigurationName = Release;
		};
		DC7C383223BBF08F0026C2A1 /* Build configuration list for PBXNativeTarget "SwiftUnitTestTests" */ = {
			isa = XCConfigurationList;
			buildConfigurations = (
				DC7C383323BBF08F0026C2A1 /* Debug */,
				DC7C383423BBF08F0026C2A1 /* Release */,
			);
			defaultConfigurationIsVisible = 0;
			defaultConfigurationName = Release;
		};
/* End XCConfigurationList section */
	};
	rootObject = DC7C380823BBF08C0026C2A1 /* Project object */;
}
